
Microsoft Visual Studio Solution File, Format Version 12.00
# Visual Studio Version 17
VisualStudioVersion = 17.9.34622.214
MinimumVisualStudioVersion = 10.0.40219.1
Project("{9A19103F-16F7-4668-BE54-9A1E7A4F7556}") = "SnakeGame", "SnakeGame\SnakeGame.csproj", "{96654E67-9470-4B76-99C5-35C9576D0A62}"
EndProject
Global
	GlobalSection(SolutionConfigurationPlatforms) = preSolution
		Debug|Any CPU = Debug|Any CPU
		Release|Any CPU = Release|Any CPU
	EndGlobalSection
	GlobalSection(ProjectConfigurationPlatforms) = postSolution
		{96654E67-9470-4B76-99C5-35C9576D0A62}.Debug|Any CPU.ActiveCfg = Debug|Any CPU
		{96654E67-9470-4B76-99C5-35C9576D0A62}.Debug|Any CPU.Build.0 = Debug|Any CPU
		{96654E67-9470-4B76-99C5-35C9576D0A62}.Release|Any CPU.ActiveCfg = Release|Any CPU
		{96654E67-9470-4B76-99C5-35C9576D0A62}.Release|Any CPU.Build.0 = Release|Any CPU
	EndGlobalSection
	GlobalSection(SolutionProperties) = preSolution
		HideSolutionNode = FALSE
	EndGlobalSection
	GlobalSection(ExtensibilityGlobals) = postSolution
		SolutionGuid = {CEF4CDBF-2D8A-40FA-AB29-7C8D9A28D611}
	EndGlobalSection
EndGlobal
